{
  "name": "flow-typer-js",
  "version": "0.7.0",
  "lockfileVersion": 3,
  "requires": true,
  "packages": {
    "": {
      "name": "flow-typer-js",
      "version": "0.7.0",
      "license": "MIT",
      "devDependencies": {
        "flow-bin": "^0.242.1",
        "flow-remove-types": "^2.275.0"
      },
      "engines": {
        "node": ">=22.0.0"
      },
      "peerDependencies": {
        "flow-bin": "^0.242.1"
      },
      "peerDependenciesMeta": {
        "flow-bin": {
          "optional": true
        }
      }
    },
    "node_modules/flow-bin": {
      "version": "0.242.1",
      "resolved": "https://registry.npmjs.org/flow-bin/-/flow-bin-0.242.1.tgz",
      "integrity": "sha512-XVTRMnpie9dwK0Ounf0gj8LiLrEgmiQGUUEfKrS8c3KID3fBbct31KKS7fTbZJaY0VdEUs7k06ipWY5H97Igcw==",
      "dev": true,
      "license": "MIT",
      "bin": {
        "flow": "cli.js"
      },
      "engines": {
        "node": ">=0.10.0"
      }
    },
    "node_modules/flow-remove-types": {
      "version": "2.275.0",
      "resolved": "https://registry.npmjs.org/flow-remove-types/-/flow-remove-types-2.275.0.tgz",
      "integrity": "sha512-Wg+dT3QiB0cAB7yI68eIAM6oCyuu6ppT5N0ma9Z25M0Xhul2y4t4pGu7RVtC8SXptCM6lGOVBXH7/zFSYH4y7Q==",
      "dev": true,
      "license": "MIT",
      "dependencies": {
        "hermes-parser": "0.29.1",
        "pirates": "^3.0.2",
        "vlq": "^0.2.1"
      },
      "bin": {
        "flow-node": "flow-node",
        "flow-remove-types": "flow-remove-types"
      },
      "engines": {
        "node": ">=4"
      }
    },
    "node_modules/flow-remove-types/node_modules/pirates": {
      "version": "3.0.2",
      "resolved": "https://registry.npmjs.org/pirates/-/pirates-3.0.2.tgz",
      "integrity": "sha512-c5CgUJq6H2k6MJz72Ak1F5sN9n9wlSlJyEnwvpm9/y3WB4E3pHBDT2c6PEiS1vyJvq2bUxUAIu0EGf8Cx4Ic7Q==",
      "dev": true,
      "license": "MIT",
      "dependencies": {
        "node-modules-regexp": "^1.0.0"
      },
      "engines": {
        "node": ">= 4"
      }
    },
    "node_modules/hermes-estree": {
      "version": "0.29.1",
      "resolved": "https://registry.npmjs.org/hermes-estree/-/hermes-estree-0.29.1.tgz",
      "integrity": "sha512-jl+x31n4/w+wEqm0I2r4CMimukLbLQEYpisys5oCre611CI5fc9TxhqkBBCJ1edDG4Kza0f7CgNz8xVMLZQOmQ==",
      "dev": true,
      "license": "MIT"
    },
    "node_modules/hermes-parser": {
      "version": "0.29.1",
      "resolved": "https://registry.npmjs.org/hermes-parser/-/hermes-parser-0.29.1.tgz",
      "integrity": "sha512-xBHWmUtRC5e/UL0tI7Ivt2riA/YBq9+SiYFU7C1oBa/j2jYGlIF9043oak1F47ihuDIxQ5nbsKueYJDRY02UgA==",
      "dev": true,
      "license": "MIT",
      "dependencies": {
        "hermes-estree": "0.29.1"
      }
    },
    "node_modules/node-modules-regexp": {
      "version": "1.0.0",
      "resolved": "https://registry.npmjs.org/node-modules-regexp/-/node-modules-regexp-1.0.0.tgz",
      "integrity": "sha512-JMaRS9L4wSRIR+6PTVEikTrq/lMGEZR43a48ETeilY0Q0iMwVnccMFrUM1k+tNzmYuIU0Vh710bCUqHX+/+ctQ==",
      "dev": true,
      "license": "MIT",
      "engines": {
        "node": ">=0.10.0"
      }
    },
    "node_modules/vlq": {
      "version": "0.2.3",
      "resolved": "https://registry.npmjs.org/vlq/-/vlq-0.2.3.tgz",
      "integrity": "sha512-DRibZL6DsNhIgYQ+wNdWDL2SL3bKPlVrRiBqV5yuMm++op8W4kGFtaQfCs4KEJn0wBZcHVHJ3eoywX8983k1ow==",
      "dev": true
    }
  }
}
